
Microsoft Visual Studio Solution File, Format Version 12.00
# Visual Studio Version 17
VisualStudioVersion = 17.13.35931.197 d17.13
MinimumVisualStudioVersion = 10.0.40219.1
Project("{FAE04EC0-301F-11D3-BF4B-00C04F79EFBC}") = "IntegrationService", "IntegrationService.csproj", "{C25F3A57-F4B4-1B9A-ED49-E6441C14BAB7}"
EndProject
Global
	GlobalSection(SolutionConfigurationPlatforms) = preSolution
		Debug|Any CPU = Debug|Any CPU
		Release|Any CPU = Release|Any CPU
	EndGlobalSection
	GlobalSection(ProjectConfigurationPlatforms) = postSolution
		{C25F3A57-F4B4-1B9A-ED49-E6441C14BAB7}.Debug|Any CPU.ActiveCfg = Debug|Any CPU
		{C25F3A57-F4B4-1B9A-ED49-E6441C14BAB7}.Debug|Any CPU.Build.0 = Debug|Any CPU
		{C25F3A57-F4B4-1B9A-ED49-E6441C14BAB7}.Release|Any CPU.ActiveCfg = Release|Any CPU
		{C25F3A57-F4B4-1B9A-ED49-E6441C14BAB7}.Release|Any CPU.Build.0 = Release|Any CPU
	EndGlobalSection
	GlobalSection(SolutionProperties) = preSolution
		HideSolutionNode = FALSE
	EndGlobalSection
	GlobalSection(ExtensibilityGlobals) = postSolution
		SolutionGuid = {5BAF49E2-50CF-4493-B8D7-3CCCA01B957C}
	EndGlobalSection
EndGlobal
